
Microsoft Visual Studio Solution File, Format Version 11.00
# Visual Studio 2010
Project("{FAE04EC0-301F-11D3-BF4B-00C04F79EFBC}") = "Assembly-CSharp", "Assembly-CSharp.csproj", "{D18C8C74-FA7C-6F27-3ADE-50530FE40A12}"
EndProject
Project("{FAE04EC0-301F-11D3-BF4B-00C04F79EFBC}") = "Assembly-CSharp-firstpass", "Assembly-CSharp-firstpass.csproj", "{065D7662-ECFC-8BDF-2234-F7D40E6E22D5}"
EndProject
Project("{FAE04EC0-301F-11D3-BF4B-00C04F79EFBC}") = "Assembly-CSharp-Editor-firstpass", "Assembly-CSharp-Editor-firstpass.csproj", "{B94C1AD3-65EA-D512-46EF-5849AF590455}"
EndProject
Global
	GlobalSection(SolutionConfigurationPlatforms) = preSolution
		Debug|Any CPU = Debug|Any CPU
		Release|Any CPU = Release|Any CPU
	EndGlobalSection
	GlobalSection(ProjectConfigurationPlatforms) = postSolution
		{D18C8C74-FA7C-6F27-3ADE-50530FE40A12}.Debug|Any CPU.ActiveCfg = Debug|Any CPU
		{D18C8C74-FA7C-6F27-3ADE-50530FE40A12}.Debug|Any CPU.Build.0 = Debug|Any CPU
		{D18C8C74-FA7C-6F27-3ADE-50530FE40A12}.Release|Any CPU.ActiveCfg = Release|Any CPU
		{D18C8C74-FA7C-6F27-3ADE-50530FE40A12}.Release|Any CPU.Build.0 = Release|Any CPU
		{065D7662-ECFC-8BDF-2234-F7D40E6E22D5}.Debug|Any CPU.ActiveCfg = Debug|Any CPU
		{065D7662-ECFC-8BDF-2234-F7D40E6E22D5}.Debug|Any CPU.Build.0 = Debug|Any CPU
		{065D7662-ECFC-8BDF-2234-F7D40E6E22D5}.Release|Any CPU.ActiveCfg = Release|Any CPU
		{065D7662-ECFC-8BDF-2234-F7D40E6E22D5}.Release|Any CPU.Build.0 = Release|Any CPU
		{B94C1AD3-65EA-D512-46EF-5849AF590455}.Debug|Any CPU.ActiveCfg = Debug|Any CPU
		{B94C1AD3-65EA-D512-46EF-5849AF590455}.Debug|Any CPU.Build.0 = Debug|Any CPU
		{B94C1AD3-65EA-D512-46EF-5849AF590455}.Release|Any CPU.ActiveCfg = Release|Any CPU
		{B94C1AD3-65EA-D512-46EF-5849AF590455}.Release|Any CPU.Build.0 = Release|Any CPU
	EndGlobalSection
	GlobalSection(SolutionProperties) = preSolution
		HideSolutionNode = FALSE
	EndGlobalSection
EndGlobal
